
Microsoft Visual Studio Solution File, Format Version 12.00
# Visual Studio Version 17
VisualStudioVersion = 17.6.33723.286
MinimumVisualStudioVersion = 10.0.40219.1
Project("{FAE04EC0-301F-11D3-BF4B-00C04F79EFBC}") = "Resume_Portfolio", "Resume_Portfolio\Resume_Portfolio.csproj", "{5265D14C-DEB6-433A-9D59-CC339F1D7390}"
EndProject
Global
	GlobalSection(SolutionConfigurationPlatforms) = preSolution
		Debug|Any CPU = Debug|Any CPU
		Release|Any CPU = Release|Any CPU
	EndGlobalSection
	GlobalSection(ProjectConfigurationPlatforms) = postSolution
		{5265D14C-DEB6-433A-9D59-CC339F1D7390}.Debug|Any CPU.ActiveCfg = Debug|Any CPU
		{5265D14C-DEB6-433A-9D59-CC339F1D7390}.Debug|Any CPU.Build.0 = Debug|Any CPU
		{5265D14C-DEB6-433A-9D59-CC339F1D7390}.Release|Any CPU.ActiveCfg = Release|Any CPU
		{5265D14C-DEB6-433A-9D59-CC339F1D7390}.Release|Any CPU.Build.0 = Release|Any CPU
	EndGlobalSection
	GlobalSection(SolutionProperties) = preSolution
		HideSolutionNode = FALSE
	EndGlobalSection
	GlobalSection(ExtensibilityGlobals) = postSolution
		SolutionGuid = {51514087-E2F6-4F00-878C-3411667234C3}
	EndGlobalSection
EndGlobal
